
Microsoft Visual Studio Solution File, Format Version 12.00
# Visual Studio Version 17
VisualStudioVersion = 17.14.36105.17 d17.14
MinimumVisualStudioVersion = 10.0.40219.1
Project("{FAE04EC0-301F-11D3-BF4B-00C04F79EFBC}") = "ICPC _CodeForces", "ICPC _CodeForces\ICPC _CodeForces.csproj", "{297B983B-158E-4C06-A2C0-EA824CC401E9}"
EndProject
Global
	GlobalSection(SolutionConfigurationPlatforms) = preSolution
		Debug|Any CPU = Debug|Any CPU
		Release|Any CPU = Release|Any CPU
	EndGlobalSection
	GlobalSection(ProjectConfigurationPlatforms) = postSolution
		{297B983B-158E-4C06-A2C0-EA824CC401E9}.Debug|Any CPU.ActiveCfg = Debug|Any CPU
		{297B983B-158E-4C06-A2C0-EA824CC401E9}.Debug|Any CPU.Build.0 = Debug|Any CPU
		{297B983B-158E-4C06-A2C0-EA824CC401E9}.Release|Any CPU.ActiveCfg = Release|Any CPU
		{297B983B-158E-4C06-A2C0-EA824CC401E9}.Release|Any CPU.Build.0 = Release|Any CPU
	EndGlobalSection
	GlobalSection(SolutionProperties) = preSolution
		HideSolutionNode = FALSE
	EndGlobalSection
	GlobalSection(ExtensibilityGlobals) = postSolution
		SolutionGuid = {A502359A-5758-4B8A-8F71-D6D072CC907E}
	EndGlobalSection
EndGlobal
